<?xml version="1.0" encoding="utf-8"?>
<Project ToolsVersion="4.0" xmlns="http://schemas.microsoft.com/developer/msbuild/2003">
  <ItemGroup>
    <Filter Include="Source Files">
      <UniqueIdentifier>{4FC737F1-C7A5-4376-A066-2A32D752A2FF}</UniqueIdentifier>
      <Extensions>cpp;c;cc;cxx;def;odl;idl;hpj;bat;asm;asmx</Extensions>
    </Filter>
    <Filter Include="Header Files">
      <UniqueIdentifier>{93995380-89BD-4b04-88EB-625FBE52EBFB}</UniqueIdentifier>
      <Extensions>h;hh;hpp;hxx;hm;inl;inc;xsd</Extensions>
    </Filter>
    <Filter Include="Resource Files">
      <UniqueIdentifier>{67DA6AB6-F800-4c08-8B7A-83BB121AAD01}</UniqueIdentifier>
      <Extensions>rc;ico;cur;bmp;dlg;rc2;rct;bin;rgs;gif;jpg;jpeg;jpe;resx;tiff;tif;png;wav;mfcribbon-ms</Extensions>
    </Filter>
    <Filter Include="InGame">
      <UniqueIdentifier>{f1c43bfd-40d5-4415-af16-57857c0b86ca}</UniqueIdentifier>
    </Filter>
    <Filter Include="Common">
      <UniqueIdentifier>{615bf7a9-ae62-490d-8bb7-107e1aca4d77}</UniqueIdentifier>
    </Filter>
  </ItemGroup>
  <ItemGroup>
    <Text Include="ReadMe.txt" />
  </ItemGroup>
  <ItemGroup>
    <ClInclude Include="stdafx.h">
      <Filter>Header Files</Filter>
    </ClInclude>
    <ClInclude Include="targetver.h">
      <Filter>Header Files</Filter>
    </ClInclude>
    <ClInclude Include="Server.h">
      <Filter>Header Files</Filter>
    </ClInclude>
    <ClInclude Include="AcceptThread.h">
      <Filter>Header Files</Filter>
    </ClInclude>
    <ClInclude Include="SelectThread.h">
      <Filter>Header Files</Filter>
    </ClInclude>
    <ClInclude Include="Sockets.h">
      <Filter>Header Files</Filter>
    </ClInclude>
    <ClInclude Include="GameManager.h">
      <Filter>InGame</Filter>
    </ClInclude>
    <ClInclude Include="UserManager.h">
      <Filter>InGame</Filter>
    </ClInclude>
    <ClInclude Include="RoomManager.h">
      <Filter>InGame</Filter>
    </ClInclude>
    <ClInclude Include="Stage.h">
      <Filter>InGame</Filter>
    </ClInclude>
    <ClInclude Include="GameUser.h">
      <Filter>InGame</Filter>
    </ClInclude>
    <ClInclude Include="MessageQue.h">
      <Filter>Header Files</Filter>
    </ClInclude>
    <ClInclude Include="Room.h">
      <Filter>InGame</Filter>
    </ClInclude>
    <ClInclude Include="Lobby.h">
      <Filter>InGame</Filter>
    </ClInclude>
    <ClInclude Include="GameRoom.h">
      <Filter>InGame</Filter>
    </ClInclude>
    <ClInclude Include="Bomb.h">
      <Filter>InGame</Filter>
    </ClInclude>
  </ItemGroup>
  <ItemGroup>
    <ClCompile Include="stdafx.cpp">
      <Filter>Source Files</Filter>
    </ClCompile>
    <ClCompile Include="CSelectServer.cpp">
      <Filter>Source Files</Filter>
    </ClCompile>
    <ClCompile Include="Server.cpp">
      <Filter>Source Files</Filter>
    </ClCompile>
    <ClCompile Include="AcceptThread.cpp">
      <Filter>Source Files</Filter>
    </ClCompile>
    <ClCompile Include="SelectThread.cpp">
      <Filter>Source Files</Filter>
    </ClCompile>
    <ClCompile Include="Sockets.cpp">
      <Filter>Source Files</Filter>
    </ClCompile>
    <ClCompile Include="GameManager.cpp">
      <Filter>InGame</Filter>
    </ClCompile>
    <ClCompile Include="UserManager.cpp">
      <Filter>InGame</Filter>
    </ClCompile>
    <ClCompile Include="RoomManager.cpp">
      <Filter>InGame</Filter>
    </ClCompile>
    <ClCompile Include="Stage.cpp">
      <Filter>InGame</Filter>
    </ClCompile>
    <ClCompile Include="GameUser.cpp">
      <Filter>InGame</Filter>
    </ClCompile>
    <ClCompile Include="MessageQue.cpp">
      <Filter>Source Files</Filter>
    </ClCompile>
    <ClCompile Include="Room.cpp">
      <Filter>InGame</Filter>
    </ClCompile>
    <ClCompile Include="Lobby.cpp">
      <Filter>InGame</Filter>
    </ClCompile>
    <ClCompile Include="GameRoom.cpp">
      <Filter>InGame</Filter>
    </ClCompile>
    <ClCompile Include="Bomb.cpp">
      <Filter>InGame</Filter>
    </ClCompile>
  </ItemGroup>
  <ItemGroup>
    <None Include="ClassDiagram.cd" />
  </ItemGroup>
</Project>